
Microsoft Visual Studio Solution File, Format Version 12.00
# Visual Studio 15
VisualStudioVersion = 15.0.28010.2016
MinimumVisualStudioVersion = 10.0.40219.1
Project("{FAE04EC0-301F-11D3-BF4B-00C04F79EFBC}") = "Firetruck", "Firetruck\Firetruck.csproj", "{1F8D83F6-5FB7-487E-B1D1-FBB51EBCC42E}"
EndProject
Global
	GlobalSection(SolutionConfigurationPlatforms) = preSolution
		Debug|Any CPU = Debug|Any CPU
		Release|Any CPU = Release|Any CPU
	EndGlobalSection
	GlobalSection(ProjectConfigurationPlatforms) = postSolution
		{1F8D83F6-5FB7-487E-B1D1-FBB51EBCC42E}.Debug|Any CPU.ActiveCfg = Debug|Any CPU
		{1F8D83F6-5FB7-487E-B1D1-FBB51EBCC42E}.Debug|Any CPU.Build.0 = Debug|Any CPU
		{1F8D83F6-5FB7-487E-B1D1-FBB51EBCC42E}.Release|Any CPU.ActiveCfg = Release|Any CPU
		{1F8D83F6-5FB7-487E-B1D1-FBB51EBCC42E}.Release|Any CPU.Build.0 = Release|Any CPU
	EndGlobalSection
	GlobalSection(SolutionProperties) = preSolution
		HideSolutionNode = FALSE
	EndGlobalSection
	GlobalSection(ExtensibilityGlobals) = postSolution
		SolutionGuid = {39766DDE-44C6-4420-B639-F3051913657D}
	EndGlobalSection
EndGlobal
